
Microsoft Visual Studio Solution File, Format Version 12.00
# Visual Studio Version 17
VisualStudioVersion = 17.14.37203.1 d17.14
MinimumVisualStudioVersion = 10.0.40219.1
Project("{FAE04EC0-301F-11D3-BF4B-00C04F79EFBC}") = "StackPrBuilder", "StackPrBuilder.csproj", "{6FC141F9-C86A-BE2D-8BBC-D5731EBED435}"
EndProject
Global
	GlobalSection(SolutionConfigurationPlatforms) = preSolution
		Debug|Any CPU = Debug|Any CPU
		Release|Any CPU = Release|Any CPU
	EndGlobalSection
	GlobalSection(ProjectConfigurationPlatforms) = postSolution
		{6FC141F9-C86A-BE2D-8BBC-D5731EBED435}.Debug|Any CPU.ActiveCfg = Debug|Any CPU
		{6FC141F9-C86A-BE2D-8BBC-D5731EBED435}.Debug|Any CPU.Build.0 = Debug|Any CPU
		{6FC141F9-C86A-BE2D-8BBC-D5731EBED435}.Release|Any CPU.ActiveCfg = Release|Any CPU
		{6FC141F9-C86A-BE2D-8BBC-D5731EBED435}.Release|Any CPU.Build.0 = Release|Any CPU
	EndGlobalSection
	GlobalSection(SolutionProperties) = preSolution
		HideSolutionNode = FALSE
	EndGlobalSection
	GlobalSection(ExtensibilityGlobals) = postSolution
		SolutionGuid = {BF5E9B8A-EB18-47B0-AB17-3A9DFC9FA301}
	EndGlobalSection
EndGlobal
